
Microsoft Visual Studio Solution File, Format Version 12.00
# Visual Studio Version 16
VisualStudioVersion = 16.0.30104.148
MinimumVisualStudioVersion = 10.0.40219.1
Project("{8BC9CEB8-8B4A-11D0-8D11-00A0C91BC942}") = "Convert3MF", "Convert3MF\Convert3MF.vcxproj", "{497DA00C-621D-49EA-BFAE-A5A56694A60F}"
EndProject
Global
	GlobalSection(SolutionConfigurationPlatforms) = preSolution
		Debug|x64 = Debug|x64
		Debug|x86 = Debug|x86
		Release|x64 = Release|x64
		Release|x86 = Release|x86
	EndGlobalSection
	GlobalSection(ProjectConfigurationPlatforms) = postSolution
		{497DA00C-621D-49EA-BFAE-A5A56694A60F}.Debug|x64.ActiveCfg = Debug|x64
		{497DA00C-621D-49EA-BFAE-A5A56694A60F}.Debug|x64.Build.0 = Debug|x64
		{497DA00C-621D-49EA-BFAE-A5A56694A60F}.Debug|x86.ActiveCfg = Debug|Win32
		{497DA00C-621D-49EA-BFAE-A5A56694A60F}.Debug|x86.Build.0 = Debug|Win32
		{497DA00C-621D-49EA-BFAE-A5A56694A60F}.Release|x64.ActiveCfg = Release|x64
		{497DA00C-621D-49EA-BFAE-A5A56694A60F}.Release|x64.Build.0 = Release|x64
		{497DA00C-621D-49EA-BFAE-A5A56694A60F}.Release|x86.ActiveCfg = Release|Win32
		{497DA00C-621D-49EA-BFAE-A5A56694A60F}.Release|x86.Build.0 = Release|Win32
	EndGlobalSection
	GlobalSection(SolutionProperties) = preSolution
		HideSolutionNode = FALSE
	EndGlobalSection
	GlobalSection(ExtensibilityGlobals) = postSolution
		SolutionGuid = {6EFA0A6C-4BAC-44EF-B809-E2D6C00977FF}
	EndGlobalSection
EndGlobal
